Microsoft Visual Studio Solution File, Format Version 12.00
# Visual Studio Version 17
VisualStudioVersion = 17.5.2.0
MinimumVisualStudioVersion = 10.0.40219.1
Project("{FAE04EC0-301F-11D3-BF4B-00C04F79EFBC}") = "dotnet-server", "dotnet-server\dotnet-server.csproj", "{EE71CE64-784B-6FB0-508E-18C6BDDD927C}"
EndProject
Global
	GlobalSection(SolutionConfigurationPlatforms) = preSolution
		Debug|Any CPU = Debug|Any CPU
		Release|Any CPU = Release|Any CPU
	EndGlobalSection
	GlobalSection(ProjectConfigurationPlatforms) = postSolution
		{EE71CE64-784B-6FB0-508E-18C6BDDD927C}.Debug|Any CPU.ActiveCfg = Debug|Any CPU
		{EE71CE64-784B-6FB0-508E-18C6BDDD927C}.Debug|Any CPU.Build.0 = Debug|Any CPU
		{EE71CE64-784B-6FB0-508E-18C6BDDD927C}.Release|Any CPU.ActiveCfg = Release|Any CPU
		{EE71CE64-784B-6FB0-508E-18C6BDDD927C}.Release|Any CPU.Build.0 = Release|Any CPU
	EndGlobalSection
	GlobalSection(SolutionProperties) = preSolution
		HideSolutionNode = FALSE
	EndGlobalSection
	GlobalSection(ExtensibilityGlobals) = postSolution
		SolutionGuid = {3C27BF27-459A-4B83-A069-C16E28831507}
	EndGlobalSection
EndGlobal
